
Microsoft Visual Studio Solution File, Format Version 12.00
# Visual Studio Version 16
VisualStudioVersion = 16.0.31410.357
MinimumVisualStudioVersion = 10.0.40219.1
Project("{9A19103F-16F7-4668-BE54-9A1E7A4F7556}") = "DataAccess", "DataAccess\DataAccess.csproj", "{C07AB99E-FA2C-4297-B880-9F52DE877C1F}"
EndProject
Project("{9A19103F-16F7-4668-BE54-9A1E7A4F7556}") = "Business", "Business\Business.csproj", "{DF71D239-B0A4-408F-A7A0-48FB68E7406E}"
EndProject
Project("{9A19103F-16F7-4668-BE54-9A1E7A4F7556}") = "Entities", "Entities\Entities.csproj", "{A10670C8-AA56-4DCB-A16D-38018361630C}"
EndProject
Project("{9A19103F-16F7-4668-BE54-9A1E7A4F7556}") = "ConsoleUI", "ConsoleUI\ConsoleUI.csproj", "{3E8A02AC-AF0A-4422-A1C4-922A448766B4}"
EndProject
Project("{9A19103F-16F7-4668-BE54-9A1E7A4F7556}") = "Core", "Core\Core.csproj", "{64FA1333-67AD-4DE8-9696-7D37956C3E21}"
EndProject
Project("{9A19103F-16F7-4668-BE54-9A1E7A4F7556}") = "WebAPI", "WebAPI\WebAPI.csproj", "{81213BB7-B991-445C-ACF1-6AF3477C7818}"
EndProject
Project("{2150E333-8FDC-42A3-9474-1A3956D46DE8}") = "Solution Items", "Solution Items", "{95DFC737-8937-4D60-BBB6-CC044637E9E9}"
	ProjectSection(SolutionItems) = preProject
		nlog.config = nlog.config
	EndProjectSection
EndProject
Global
	GlobalSection(SolutionConfigurationPlatforms) = preSolution
		Debug|Any CPU = Debug|Any CPU
		Release|Any CPU = Release|Any CPU
	EndGlobalSection
	GlobalSection(ProjectConfigurationPlatforms) = postSolution
		{C07AB99E-FA2C-4297-B880-9F52DE877C1F}.Debug|Any CPU.ActiveCfg = Debug|Any CPU
		{C07AB99E-FA2C-4297-B880-9F52DE877C1F}.Debug|Any CPU.Build.0 = Debug|Any CPU
		{C07AB99E-FA2C-4297-B880-9F52DE877C1F}.Release|Any CPU.ActiveCfg = Release|Any CPU
		{C07AB99E-FA2C-4297-B880-9F52DE877C1F}.Release|Any CPU.Build.0 = Release|Any CPU
		{DF71D239-B0A4-408F-A7A0-48FB68E7406E}.Debug|Any CPU.ActiveCfg = Debug|Any CPU
		{DF71D239-B0A4-408F-A7A0-48FB68E7406E}.Debug|Any CPU.Build.0 = Debug|Any CPU
		{DF71D239-B0A4-408F-A7A0-48FB68E7406E}.Release|Any CPU.ActiveCfg = Release|Any CPU
		{DF71D239-B0A4-408F-A7A0-48FB68E7406E}.Release|Any CPU.Build.0 = Release|Any CPU
		{A10670C8-AA56-4DCB-A16D-38018361630C}.Debug|Any CPU.ActiveCfg = Debug|Any CPU
		{A10670C8-AA56-4DCB-A16D-38018361630C}.Debug|Any CPU.Build.0 = Debug|Any CPU
		{A10670C8-AA56-4DCB-A16D-38018361630C}.Release|Any CPU.ActiveCfg = Release|Any CPU
		{A10670C8-AA56-4DCB-A16D-38018361630C}.Release|Any CPU.Build.0 = Release|Any CPU
		{3E8A02AC-AF0A-4422-A1C4-922A448766B4}.Debug|Any CPU.ActiveCfg = Debug|Any CPU
		{3E8A02AC-AF0A-4422-A1C4-922A448766B4}.Debug|Any CPU.Build.0 = Debug|Any CPU
		{3E8A02AC-AF0A-4422-A1C4-922A448766B4}.Release|Any CPU.ActiveCfg = Release|Any CPU
		{3E8A02AC-AF0A-4422-A1C4-922A448766B4}.Release|Any CPU.Build.0 = Release|Any CPU
		{64FA1333-67AD-4DE8-9696-7D37956C3E21}.Debug|Any CPU.ActiveCfg = Debug|Any CPU
		{64FA1333-67AD-4DE8-9696-7D37956C3E21}.Debug|Any CPU.Build.0 = Debug|Any CPU
		{64FA1333-67AD-4DE8-9696-7D37956C3E21}.Release|Any CPU.ActiveCfg = Release|Any CPU
		{64FA1333-67AD-4DE8-9696-7D37956C3E21}.Release|Any CPU.Build.0 = Release|Any CPU
		{81213BB7-B991-445C-ACF1-6AF3477C7818}.Debug|Any CPU.ActiveCfg = Debug|Any CPU
		{81213BB7-B991-445C-ACF1-6AF3477C7818}.Debug|Any CPU.Build.0 = Debug|Any CPU
		{81213BB7-B991-445C-ACF1-6AF3477C7818}.Release|Any CPU.ActiveCfg = Release|Any CPU
		{81213BB7-B991-445C-ACF1-6AF3477C7818}.Release|Any CPU.Build.0 = Release|Any CPU
	EndGlobalSection
	GlobalSection(SolutionProperties) = preSolution
		HideSolutionNode = FALSE
	EndGlobalSection
	GlobalSection(ExtensibilityGlobals) = postSolution
		SolutionGuid = {46C7E2DE-A06B-4110-9B6E-ADA0043B35F7}
	EndGlobalSection
EndGlobal
